
Microsoft Visual Studio Solution File, Format Version 12.00
# Visual Studio 15
VisualStudioVersion = 15.0.27004.2002
MinimumVisualStudioVersion = 10.0.40219.1
Project("{FAE04EC0-301F-11D3-BF4B-00C04F79EFBC}") = "Carpare", "Carpare\Carpare.csproj", "{C3EB1DF8-D4C5-4DF7-8F34-0B673325D204}"
EndProject
Global
	GlobalSection(SolutionConfigurationPlatforms) = preSolution
		Debug|Any CPU = Debug|Any CPU
		Release|Any CPU = Release|Any CPU
	EndGlobalSection
	GlobalSection(ProjectConfigurationPlatforms) = postSolution
		{C3EB1DF8-D4C5-4DF7-8F34-0B673325D204}.Debug|Any CPU.ActiveCfg = Debug|Any CPU
		{C3EB1DF8-D4C5-4DF7-8F34-0B673325D204}.Debug|Any CPU.Build.0 = Debug|Any CPU
		{C3EB1DF8-D4C5-4DF7-8F34-0B673325D204}.Release|Any CPU.ActiveCfg = Release|Any CPU
		{C3EB1DF8-D4C5-4DF7-8F34-0B673325D204}.Release|Any CPU.Build.0 = Release|Any CPU
	EndGlobalSection
	GlobalSection(SolutionProperties) = preSolution
		HideSolutionNode = FALSE
	EndGlobalSection
	GlobalSection(ExtensibilityGlobals) = postSolution
		SolutionGuid = {F8E048E0-3719-4021-9B76-E8EC188F8402}
	EndGlobalSection
EndGlobal
